
Microsoft Visual Studio Solution File, Format Version 12.00
# Visual Studio Version 17
VisualStudioVersion = 17.6.33815.320
MinimumVisualStudioVersion = 10.0.40219.1
Project("{FAE04EC0-301F-11D3-BF4B-00C04F79EFBC}") = "hello_world_api", "hello_world_api\hello_world_api.csproj", "{C4FB0BB5-9668-4E20-812B-3E2F31A7E8DC}"
EndProject
Project("{9A19103F-16F7-4668-BE54-9A1E7A4F7556}") = "hello_world_cli", "hello_world_cli\hello_world_cli.csproj", "{ED6E0606-A15E-40E7-99E3-413E371DF749}"
EndProject
Project("{FAE04EC0-301F-11D3-BF4B-00C04F79EFBC}") = "HelloWebAPI", "HelloWebAPI\HelloWebAPI.csproj", "{4A2EBED0-D988-4D86-B3A9-1742D59D6AA4}"
EndProject
Project("{FAE04EC0-301F-11D3-BF4B-00C04F79EFBC}") = "ProductApp", "ProductApp\ProductApp.csproj", "{0F28E617-96B5-4CC1-AA4F-06510809A86F}"
EndProject
Global
	GlobalSection(SolutionConfigurationPlatforms) = preSolution
		Debug|Any CPU = Debug|Any CPU
		Release|Any CPU = Release|Any CPU
	EndGlobalSection
	GlobalSection(ProjectConfigurationPlatforms) = postSolution
		{C4FB0BB5-9668-4E20-812B-3E2F31A7E8DC}.Debug|Any CPU.ActiveCfg = Debug|Any CPU
		{C4FB0BB5-9668-4E20-812B-3E2F31A7E8DC}.Debug|Any CPU.Build.0 = Debug|Any CPU
		{C4FB0BB5-9668-4E20-812B-3E2F31A7E8DC}.Release|Any CPU.ActiveCfg = Release|Any CPU
		{C4FB0BB5-9668-4E20-812B-3E2F31A7E8DC}.Release|Any CPU.Build.0 = Release|Any CPU
		{ED6E0606-A15E-40E7-99E3-413E371DF749}.Debug|Any CPU.ActiveCfg = Debug|Any CPU
		{ED6E0606-A15E-40E7-99E3-413E371DF749}.Debug|Any CPU.Build.0 = Debug|Any CPU
		{ED6E0606-A15E-40E7-99E3-413E371DF749}.Release|Any CPU.ActiveCfg = Release|Any CPU
		{ED6E0606-A15E-40E7-99E3-413E371DF749}.Release|Any CPU.Build.0 = Release|Any CPU
		{4A2EBED0-D988-4D86-B3A9-1742D59D6AA4}.Debug|Any CPU.ActiveCfg = Debug|Any CPU
		{4A2EBED0-D988-4D86-B3A9-1742D59D6AA4}.Debug|Any CPU.Build.0 = Debug|Any CPU
		{4A2EBED0-D988-4D86-B3A9-1742D59D6AA4}.Release|Any CPU.ActiveCfg = Release|Any CPU
		{4A2EBED0-D988-4D86-B3A9-1742D59D6AA4}.Release|Any CPU.Build.0 = Release|Any CPU
		{0F28E617-96B5-4CC1-AA4F-06510809A86F}.Debug|Any CPU.ActiveCfg = Debug|Any CPU
		{0F28E617-96B5-4CC1-AA4F-06510809A86F}.Debug|Any CPU.Build.0 = Debug|Any CPU
		{0F28E617-96B5-4CC1-AA4F-06510809A86F}.Release|Any CPU.ActiveCfg = Release|Any CPU
		{0F28E617-96B5-4CC1-AA4F-06510809A86F}.Release|Any CPU.Build.0 = Release|Any CPU
	EndGlobalSection
	GlobalSection(SolutionProperties) = preSolution
		HideSolutionNode = FALSE
	EndGlobalSection
	GlobalSection(ExtensibilityGlobals) = postSolution
		SolutionGuid = {D404548C-70EC-4D36-BF0A-B3409046D13A}
	EndGlobalSection
EndGlobal
